
Microsoft Visual Studio Solution File, Format Version 11.00
# Visual C++ Express 2010
Project("{8BC9CEB8-8B4A-11D0-8D11-00A0C91BC942}") = "oyun", "oyunsdl\oyunsdl.vcxproj", "{CC212005-1A5B-4491-B2BD-2E1EB2D623AF}"
EndProject
Global
	GlobalSection(SolutionConfigurationPlatforms) = preSolution
		Debug|Win32 = Debug|Win32
		Release|Win32 = Release|Win32
	EndGlobalSection
	GlobalSection(ProjectConfigurationPlatforms) = postSolution
		{CC212005-1A5B-4491-B2BD-2E1EB2D623AF}.Debug|Win32.ActiveCfg = Debug|Win32
		{CC212005-1A5B-4491-B2BD-2E1EB2D623AF}.Debug|Win32.Build.0 = Debug|Win32
		{CC212005-1A5B-4491-B2BD-2E1EB2D623AF}.Release|Win32.ActiveCfg = Release|Win32
		{CC212005-1A5B-4491-B2BD-2E1EB2D623AF}.Release|Win32.Build.0 = Release|Win32
	EndGlobalSection
	GlobalSection(SolutionProperties) = preSolution
		HideSolutionNode = FALSE
	EndGlobalSection
EndGlobal
